
Microsoft Visual Studio Solution File, Format Version 12.00
# Visual Studio 15
VisualStudioVersion = 15.0.27130.2027
MinimumVisualStudioVersion = 10.0.40219.1
Project("{FAE04EC0-301F-11D3-BF4B-00C04F79EFBC}") = "SportsStore.WebUI", "SportsStore.WebUI\SportsStore.WebUI.csproj", "{7A192B6F-5B9C-4C62-AF15-C397B998F12A}"
EndProject
Project("{FAE04EC0-301F-11D3-BF4B-00C04F79EFBC}") = "SportsStore.UnitTests", "SportsStore.UnitTests\SportsStore.UnitTests.csproj", "{188F52B8-7493-4D22-BF03-6C76BFC42488}"
EndProject
Project("{FAE04EC0-301F-11D3-BF4B-00C04F79EFBC}") = "SportsStore.Domain", "SportsStore.Domain\SportsStore.Domain.csproj", "{AB55D435-D1B9-42DE-89DF-163653669ABE}"
EndProject
Global
	GlobalSection(SolutionConfigurationPlatforms) = preSolution
		Debug|Any CPU = Debug|Any CPU
		Release|Any CPU = Release|Any CPU
	EndGlobalSection
	GlobalSection(ProjectConfigurationPlatforms) = postSolution
		{7A192B6F-5B9C-4C62-AF15-C397B998F12A}.Debug|Any CPU.ActiveCfg = Debug|Any CPU
		{7A192B6F-5B9C-4C62-AF15-C397B998F12A}.Debug|Any CPU.Build.0 = Debug|Any CPU
		{7A192B6F-5B9C-4C62-AF15-C397B998F12A}.Release|Any CPU.ActiveCfg = Release|Any CPU
		{7A192B6F-5B9C-4C62-AF15-C397B998F12A}.Release|Any CPU.Build.0 = Release|Any CPU
		{188F52B8-7493-4D22-BF03-6C76BFC42488}.Debug|Any CPU.ActiveCfg = Debug|Any CPU
		{188F52B8-7493-4D22-BF03-6C76BFC42488}.Debug|Any CPU.Build.0 = Debug|Any CPU
		{188F52B8-7493-4D22-BF03-6C76BFC42488}.Release|Any CPU.ActiveCfg = Release|Any CPU
		{188F52B8-7493-4D22-BF03-6C76BFC42488}.Release|Any CPU.Build.0 = Release|Any CPU
		{AB55D435-D1B9-42DE-89DF-163653669ABE}.Debug|Any CPU.ActiveCfg = Debug|Any CPU
		{AB55D435-D1B9-42DE-89DF-163653669ABE}.Debug|Any CPU.Build.0 = Debug|Any CPU
		{AB55D435-D1B9-42DE-89DF-163653669ABE}.Release|Any CPU.ActiveCfg = Release|Any CPU
		{AB55D435-D1B9-42DE-89DF-163653669ABE}.Release|Any CPU.Build.0 = Release|Any CPU
	EndGlobalSection
	GlobalSection(SolutionProperties) = preSolution
		HideSolutionNode = FALSE
	EndGlobalSection
	GlobalSection(ExtensibilityGlobals) = postSolution
		SolutionGuid = {58655FBF-2D90-4E06-B3CF-D4C3DACE7F94}
	EndGlobalSection
EndGlobal
